// !$*UTF8*$!
{
	archiveVersion = 1;
	classes = {
	};
	objectVersion = 46;
	objects = {

/* Begin PBXBuildFile section */
		55E76CC51B0FBEAC009723D3 /* AppDelegate.m in Sources */ = {isa = PBXBuildFile; fileRef = 55E76CC41B0FBEAC009723D3 /* AppDelegate.m */; };
		55E76CC71B0FBEAC009723D3 /* main.m in Sources */ = {isa = PBXBuildFile; fileRef = 55E76CC61B0FBEAC009723D3 /* main.m */; };
		55E76CC91B0FBEAC009723D3 /* Images.xcassets in Resources */ = {isa = PBXBuildFile; fileRef = 55E76CC81B0FBEAC009723D3 /* Images.xcassets */; };
		55E76CCC1B0FBEAC009723D3 /* MainMenu.xib in Resources */ = {isa = PBXBuildFile; fileRef = 55E76CCA1B0FBEAC009723D3 /* MainMenu.xib */; };
		55E76CD81B0FBEAC009723D3 /* DragTableTests.m in Sources */ = {isa = PBXBuildFile; fileRef = 55E76CD71B0FBEAC009723D3 /* DragTableTests.m */; };
		55E76CE31B0FC351009723D3 /* Person.m in Sources */ = {isa = PBXBuildFile; fileRef = 55E76CE21B0FC351009723D3 /* Person.m */; };
/* End PBXBuildFile section */

/* Begin PBXContainerItemProxy section */
		55E76CD21B0FBEAC009723D3 /* PBXContainerItemProxy */ = {
			isa = PBXContainerItemProxy;
			containerPortal = 55E76CB61B0FBEAC009723D3 /* Project object */;
			proxyType = 1;
			remoteGlobalIDString = 55E76CBD1B0FBEAC009723D3;
			remoteInfo = DragTable;
		};
/* End PBXContainerItemProxy section */

/* Begin PBXFileReference section */
		55E76CBE1B0FBEAC009723D3 /* DragTable.app */ = {isa = PBXFileReference; explicitFileType = wrapper.application; includeInIndex = 0; path = DragTable.app; sourceTree = BUILT_PRODUCTS_DIR; };
		55E76CC21B0FBEAC009723D3 /* Info.plist */ = {isa = PBXFileReference; lastKnownFileType = text.plist.xml; path = Info.plist; sourceTree = "<group>"; };
		55E76CC31B0FBEAC009723D3 /* AppDelegate.h */ = {isa = PBXFileReference; lastKnownFileType = sourcecode.c.h; path = AppDelegate.h; sourceTree = "<group>"; };
		55E76CC41B0FBEAC009723D3 /* AppDelegate.m */ = {isa = PBXFileReference; lastKnownFileType = sourcecode.c.objc; path = AppDelegate.m; sourceTree = "<group>"; };
		55E76CC61B0FBEAC009723D3 /* main.m */ = {isa = PBXFileReference; lastKnownFileType = sourcecode.c.objc; path = main.m; sourceTree = "<group>"; };
		55E76CC81B0FBEAC009723D3 /* Images.xcassets */ = {isa = PBXFileReference; lastKnownFileType = folder.assetcatalog; path = Images.xcassets; sourceTree = "<group>"; };
		55E76CCB1B0FBEAC009723D3 /* Base */ = {isa = PBXFileReference; lastKnownFileType = file.xib; name = Base; path = Base.lproj/MainMenu.xib; sourceTree = "<group>"; };
		55E76CD11B0FBEAC009723D3 /* DragTableTests.xctest */ = {isa = PBXFileReference; explicitFileType = wrapper.cfbundle; includeInIndex = 0; path = DragTableTests.xctest; sourceTree = BUILT_PRODUCTS_DIR; };
		55E76CD61B0FBEAC009723D3 /* Info.plist */ = {isa = PBXFileReference; lastKnownFileType = text.plist.xml; path = Info.plist; sourceTree = "<group>"; };
		55E76CD71B0FBEAC009723D3 /* DragTableTests.m */ = {isa = PBXFileReference; lastKnownFileType = sourcecode.c.objc; path = DragTableTests.m; sourceTree = "<group>"; };
		55E76CE11B0FC351009723D3 /* Person.h */ = {isa = PBXFileReference; fileEncoding = 4; lastKnownFileType = sourcecode.c.h; path = Person.h; sourceTree = "<group>"; };
		55E76CE21B0FC351009723D3 /* Person.m */ = {isa = PBXFileReference; fileEncoding = 4; lastKnownFileType = sourcecode.c.objc; path = Person.m; sourceTree = "<group>"; };
/* End PBXFileReference section */

/* Begin PBXFrameworksBuildPhase section */
		55E76CBB1B0FBEAC009723D3 /* Frameworks */ = {
			isa = PBXFrameworksBuildPhase;
			buildActionMask = 2147483647;
			files = (
			);
			runOnlyForDeploymentPostprocessing = 0;
		};
		55E76CCE1B0FBEAC009723D3 /* Frameworks */ = {
			isa = PBXFrameworksBuildPhase;
			buildActionMask = 2147483647;
			files = (
			);
			runOnlyForDeploymentPostprocessing = 0;
		};
/* End PBXFrameworksBuildPhase section */

/* Begin PBXGroup section */
		55E76CB51B0FBEAC009723D3 = {
			isa = PBXGroup;
			children = (
				55E76CC01B0FBEAC009723D3 /* DragTable */,
				55E76CD41B0FBEAC009723D3 /* DragTableTests */,
				55E76CBF1B0FBEAC009723D3 /* Products */,
			);
			sourceTree = "<group>";
		};
		55E76CBF1B0FBEAC009723D3 /* Products */ = {
			isa = PBXGroup;
			children = (
				55E76CBE1B0FBEAC009723D3 /* DragTable.app */,
				55E76CD11B0FBEAC009723D3 /* DragTableTests.xctest */,
			);
			name = Products;
			sourceTree = "<group>";
		};
		55E76CC01B0FBEAC009723D3 /* DragTable */ = {
			isa = PBXGroup;
			children = (
				55E76CC31B0FBEAC009723D3 /* AppDelegate.h */,
				55E76CC41B0FBEAC009723D3 /* AppDelegate.m */,
				55E76CC81B0FBEAC009723D3 /* Images.xcassets */,
				55E76CCA1B0FBEAC009723D3 /* MainMenu.xib */,
				55E76CC11B0FBEAC009723D3 /* Supporting Files */,
				55E76CE11B0FC351009723D3 /* Person.h */,
				55E76CE21B0FC351009723D3 /* Person.m */,
			);
			path = DragTable;
			sourceTree = "<group>";
		};
		55E76CC11B0FBEAC009723D3 /* Supporting Files */ = {
			isa = PBXGroup;
			children = (
				55E76CC21B0FBEAC009723D3 /* Info.plist */,
				55E76CC61B0FBEAC009723D3 /* main.m */,
			);
			name = "Supporting Files";
			sourceTree = "<group>";
		};
		55E76CD41B0FBEAC009723D3 /* DragTableTests */ = {
			isa = PBXGroup;
			children = (
				55E76CD71B0FBEAC009723D3 /* DragTableTests.m */,
				55E76CD51B0FBEAC009723D3 /* Supporting Files */,
			);
			path = DragTableTests;
			sourceTree = "<group>";
		};
		55E76CD51B0FBEAC009723D3 /* Supporting Files */ = {
			isa = PBXGroup;
			children = (
				55E76CD61B0FBEAC009723D3 /* Info.plist */,
			);
			name = "Supporting Files";
			sourceTree = "<group>";
		};
/* End PBXGroup section */

/* Begin PBXNativeTarget section */
		55E76CBD1B0FBEAC009723D3 /* DragTable */ = {
			isa = PBXNativeTarget;
			buildConfigurationList = 55E76CDB1B0FBEAC009723D3 /* Build configuration list for PBXNativeTarget "DragTable" */;
			buildPhases = (
				55E76CBA1B0FBEAC009723D3 /* Sources */,
				55E76CBB1B0FBEAC009723D3 /* Frameworks */,
				55E76CBC1B0FBEAC009723D3 /* Resources */,
			);
			buildRules = (
			);
			dependencies = (
			);
			name = DragTable;
			productName = DragTable;
			productReference = 55E76CBE1B0FBEAC009723D3 /* DragTable.app */;
			productType = "com.apple.product-type.application";
		};
		55E76CD01B0FBEAC009723D3 /* DragTableTests */ = {
			isa = PBXNativeTarget;
			buildConfigurationList = 55E76CDE1B0FBEAC009723D3 /* Build configuration list for PBXNativeTarget "DragTableTests" */;
			buildPhases = (
				55E76CCD1B0FBEAC009723D3 /* Sources */,
				55E76CCE1B0FBEAC009723D3 /* Frameworks */,
				55E76CCF1B0FBEAC009723D3 /* Resources */,
			);
			buildRules = (
			);
			dependencies = (
				55E76CD31B0FBEAC009723D3 /* PBXTargetDependency */,
			);
			name = DragTableTests;
			productName = DragTableTests;
			productReference = 55E76CD11B0FBEAC009723D3 /* DragTableTests.xctest */;
			productType = "com.apple.product-type.bundle.unit-test";
		};
/* End PBXNativeTarget section */

/* Begin PBXProject section */
		55E76CB61B0FBEAC009723D3 /* Project object */ = {
			isa = PBXProject;
			attributes = {
				LastUpgradeCheck = 0630;
				ORGANIZATIONNAME = "Dave Kennedy";
				TargetAttributes = {
					55E76CBD1B0FBEAC009723D3 = {
						CreatedOnToolsVersion = 6.3.2;
					};
					55E76CD01B0FBEAC009723D3 = {
						CreatedOnToolsVersion = 6.3.2;
						TestTargetID = 55E76CBD1B0FBEAC009723D3;
					};
				};
			};
			buildConfigurationList = 55E76CB91B0FBEAC009723D3 /* Build configuration list for PBXProject "DragTable" */;
			compatibilityVersion = "Xcode 3.2";
			developmentRegion = English;
			hasScannedForEncodings = 0;
			knownRegions = (
				en,
				Base,
			);
			mainGroup = 55E76CB51B0FBEAC009723D3;
			productRefGroup = 55E76CBF1B0FBEAC009723D3 /* Products */;
			projectDirPath = "";
			projectRoot = "";
			targets = (
				55E76CBD1B0FBEAC009723D3 /* DragTable */,
				55E76CD01B0FBEAC009723D3 /* DragTableTests */,
			);
		};
/* End PBXProject section */

/* Begin PBXResourcesBuildPhase section */
		55E76CBC1B0FBEAC009723D3 /* Resources */ = {
			isa = PBXResourcesBuildPhase;
			buildActionMask = 2147483647;
			files = (
				55E76CC91B0FBEAC009723D3 /* Images.xcassets in Resources */,
				55E76CCC1B0FBEAC009723D3 /* MainMenu.xib in Resources */,
			);
			runOnlyForDeploymentPostprocessing = 0;
		};
		55E76CCF1B0FBEAC009723D3 /* Resources */ = {
			isa = PBXResourcesBuildPhase;
			buildActionMask = 2147483647;
			files = (
			);
			runOnlyForDeploymentPostprocessing = 0;
		};
/* End PBXResourcesBuildPhase section */

/* Begin PBXSourcesBuildPhase section */
		55E76CBA1B0FBEAC009723D3 /* Sources */ = {
			isa = PBXSourcesBuildPhase;
			buildActionMask = 2147483647;
			files = (
				55E76CE31B0FC351009723D3 /* Person.m in Sources */,
				55E76CC71B0FBEAC009723D3 /* main.m in Sources */,
				55E76CC51B0FBEAC009723D3 /* AppDelegate.m in Sources */,
			);
			runOnlyForDeploymentPostprocessing = 0;
		};
		55E76CCD1B0FBEAC009723D3 /* Sources */ = {
			isa = PBXSourcesBuildPhase;
			buildActionMask = 2147483647;
			files = (
				55E76CD81B0FBEAC009723D3 /* DragTableTests.m in Sources */,
			);
			runOnlyForDeploymentPostprocessing = 0;
		};
/* End PBXSourcesBuildPhase section */

/* Begin PBXTargetDependency section */
		55E76CD31B0FBEAC009723D3 /* PBXTargetDependency */ = {
			isa = PBXTargetDependency;
			target = 55E76CBD1B0FBEAC009723D3 /* DragTable */;
			targetProxy = 55E76CD21B0FBEAC009723D3 /* PBXContainerItemProxy */;
		};
/* End PBXTargetDependency section */

/* Begin PBXVariantGroup section */
		55E76CCA1B0FBEAC009723D3 /* MainMenu.xib */ = {
			isa = PBXVariantGroup;
			children = (
				55E76CCB1B0FBEAC009723D3 /* Base */,
			);
			name = MainMenu.xib;
			sourceTree = "<group>";
		};
/* End PBXVariantGroup section */

/* Begin XCBuildConfiguration section */
		55E76CD91B0FBEAC009723D3 /* Debug */ = {
			isa = XCBuildConfiguration;
			buildSettings = {
				ALWAYS_SEARCH_USER_PATHS = NO;
				CLANG_CXX_LANGUAGE_STANDARD = "gnu++0x";
				CLANG_CXX_LIBRARY = "libc++";
				CLANG_ENABLE_MODULES = YES;
				CLANG_ENABLE_OBJC_ARC = YES;
				CLANG_WARN_BOOL_CONVERSION = YES;
				CLANG_WARN_CONSTANT_CONVERSION = YES;
				CLANG_WARN_DIRECT_OBJC_ISA_USAGE = YES_ERROR;
				CLANG_WARN_EMPTY_BODY = YES;
				CLANG_WARN_ENUM_CONVERSION = YES;
				CLANG_WARN_INT_CONVERSION = YES;
				CLANG_WARN_OBJC_ROOT_CLASS = YES_ERROR;
				CLANG_WARN_UNREACHABLE_CODE = YES;
				CLANG_WARN__DUPLICATE_METHOD_MATCH = YES;
				CODE_SIGN_IDENTITY = "-";
				COPY_PHASE_STRIP = NO;
				DEBUG_INFORMATION_FORMAT = dwarf;
				ENABLE_STRICT_OBJC_MSGSEND = YES;
				GCC_C_LANGUAGE_STANDARD = gnu99;
				GCC_DYNAMIC_NO_PIC = NO;
				GCC_NO_COMMON_BLOCKS = YES;
				GCC_OPTIMIZATION_LEVEL = 0;
				GCC_PREPROCESSOR_DEFINITIONS = (
					"DEBUG=1",
					"$(inherited)",
				);
				GCC_SYMBOLS_PRIVATE_EXTERN = NO;
				GCC_WARN_64_TO_32_BIT_CONVERSION = YES;
				GCC_WARN_ABOUT_RETURN_TYPE = YES_ERROR;
				GCC_WARN_UNDECLARED_SELECTOR = YES;
				GCC_WARN_UNINITIALIZED_AUTOS = YES_AGGRESSIVE;
				GCC_WARN_UNUSED_FUNCTION = YES;
				GCC_WARN_UNUSED_VARIABLE = YES;
				MACOSX_DEPLOYMENT_TARGET = 10.10;
				MTL_ENABLE_DEBUG_INFO = YES;
				ONLY_ACTIVE_ARCH = YES;
				SDKROOT = macosx;
			};
			name = Debug;
		};
		55E76CDA1B0FBEAC009723D3 /* Release */ = {
			isa = XCBuildConfiguration;
			buildSettings = {
				ALWAYS_SEARCH_USER_PATHS = NO;
				CLANG_CXX_LANGUAGE_STANDARD = "gnu++0x";
				CLANG_CXX_LIBRARY = "libc++";
				CLANG_ENABLE_MODULES = YES;
				CLANG_ENABLE_OBJC_ARC = YES;
				CLANG_WARN_BOOL_CONVERSION = YES;
				CLANG_WARN_CONSTANT_CONVERSION = YES;
				CLANG_WARN_DIRECT_OBJC_ISA_USAGE = YES_ERROR;
				CLANG_WARN_EMPTY_BODY = YES;
				CLANG_WARN_ENUM_CONVERSION = YES;
				CLANG_WARN_INT_CONVERSION = YES;
				CLANG_WARN_OBJC_ROOT_CLASS = YES_ERROR;
				CLANG_WARN_UNREACHABLE_CODE = YES;
				CLANG_WARN__DUPLICATE_METHOD_MATCH = YES;
				CODE_SIGN_IDENTITY = "-";
				COPY_PHASE_STRIP = NO;
				DEBUG_INFORMATION_FORMAT = "dwarf-with-dsym";
				ENABLE_NS_ASSERTIONS = NO;
				ENABLE_STRICT_OBJC_MSGSEND = YES;
				GCC_C_LANGUAGE_STANDARD = gnu99;
				GCC_NO_COMMON_BLOCKS = YES;
				GCC_WARN_64_TO_32_BIT_CONVERSION = YES;
				GCC_WARN_ABOUT_RETURN_TYPE = YES_ERROR;
				GCC_WARN_UNDECLARED_SELECTOR = YES;
				GCC_WARN_UNINITIALIZED_AUTOS = YES_AGGRESSIVE;
				GCC_WARN_UNUSED_FUNCTION = YES;
				GCC_WARN_UNUSED_VARIABLE = YES;
				MACOSX_DEPLOYMENT_TARGET = 10.10;
				MTL_ENABLE_DEBUG_INFO = NO;
				SDKROOT = macosx;
			};
			name = Release;
		};
		55E76CDC1B0FBEAC009723D3 /* Debug */ = {
			isa = XCBuildConfiguration;
			buildSettings = {
				ASSETCATALOG_COMPILER_APPICON_NAME = AppIcon;
				COMBINE_HIDPI_IMAGES = YES;
				INFOPLIST_FILE = DragTable/Info.plist;
				LD_RUNPATH_SEARCH_PATHS = "$(inherited) @executable_path/../Frameworks";
				PRODUCT_NAME = "$(TARGET_NAME)";
			};
			name = Debug;
		};
		55E76CDD1B0FBEAC009723D3 /* Release */ = {
			isa = XCBuildConfiguration;
			buildSettings = {
				ASSETCATALOG_COMPILER_APPICON_NAME = AppIcon;
				COMBINE_HIDPI_IMAGES = YES;
				INFOPLIST_FILE = DragTable/Info.plist;
				LD_RUNPATH_SEARCH_PATHS = "$(inherited) @executable_path/../Frameworks";
				PRODUCT_NAME = "$(TARGET_NAME)";
			};
			name = Release;
		};
		55E76CDF1B0FBEAC009723D3 /* Debug */ = {
			isa = XCBuildConfiguration;
			buildSettings = {
				BUNDLE_LOADER = "$(TEST_HOST)";
				COMBINE_HIDPI_IMAGES = YES;
				FRAMEWORK_SEARCH_PATHS = (
					"$(DEVELOPER_FRAMEWORKS_DIR)",
					"$(inherited)",
				);
				GCC_PREPROCESSOR_DEFINITIONS = (
					"DEBUG=1",
					"$(inherited)",
				);
				INFOPLIST_FILE = DragTableTests/Info.plist;
				LD_RUNPATH_SEARCH_PATHS = "$(inherited) @executable_path/../Frameworks @loader_path/../Frameworks";
				PRODUCT_NAME = "$(TARGET_NAME)";
				TEST_HOST = "$(BUILT_PRODUCTS_DIR)/DragTable.app/Contents/MacOS/DragTable";
			};
			name = Debug;
		};
		55E76CE01B0FBEAC009723D3 /* Release */ = {
			isa = XCBuildConfiguration;
			buildSettings = {
				BUNDLE_LOADER = "$(TEST_HOST)";
				COMBINE_HIDPI_IMAGES = YES;
				FRAMEWORK_SEARCH_PATHS = (
					"$(DEVELOPER_FRAMEWORKS_DIR)",
					"$(inherited)",
				);
				INFOPLIST_FILE = DragTableTests/Info.plist;
				LD_RUNPATH_SEARCH_PATHS = "$(inherited) @executable_path/../Frameworks @loader_path/../Frameworks";
				PRODUCT_NAME = "$(TARGET_NAME)";
				TEST_HOST = "$(BUILT_PRODUCTS_DIR)/DragTable.app/Contents/MacOS/DragTable";
			};
			name = Release;
		};
/* End XCBuildConfiguration section */

/* Begin XCConfigurationList section */
		55E76CB91B0FBEAC009723D3 /* Build configuration list for PBXProject "DragTable" */ = {
			isa = XCConfigurationList;
			buildConfigurations = (
				55E76CD91B0FBEAC009723D3 /* Debug */,
				55E76CDA1B0FBEAC009723D3 /* Release */,
			);
			defaultConfigurationIsVisible = 0;
			defaultConfigurationName = Release;
		};
		55E76CDB1B0FBEAC009723D3 /* Build configuration list for PBXNativeTarget "DragTable" */ = {
			isa = XCConfigurationList;
			buildConfigurations = (
				55E76CDC1B0FBEAC009723D3 /* Debug */,
				55E76CDD1B0FBEAC009723D3 /* Release */,
			);
			defaultConfigurationIsVisible = 0;
		};
		55E76CDE1B0FBEAC009723D3 /* Build configuration list for PBXNativeTarget "DragTableTests" */ = {
			isa = XCConfigurationList;
			buildConfigurations = (
				55E76CDF1B0FBEAC009723D3 /* Debug */,
				55E76CE01B0FBEAC009723D3 /* Release */,
			);
			defaultConfigurationIsVisible = 0;
		};
/* End XCConfigurationList section */
	};
	rootObject = 55E76CB61B0FBEAC009723D3 /* Project object */;
}
